// !$*UTF8*$!
{
	archiveVersion = 1;
	classes = {
	};
	objectVersion = 55;
	objects = {

/* Begin PBXBuildFile section */
		20D2FA1D2887F70D000D23E9 /* AppDelegate.swift in Sources */ = {isa = PBXBuildFile; fileRef = 20D2FA1C2887F70D000D23E9 /* AppDelegate.swift */; };
		20D2FA1F2887F70D000D23E9 /* SceneDelegate.swift in Sources */ = {isa = PBXBuildFile; fileRef = 20D2FA1E2887F70D000D23E9 /* SceneDelegate.swift */; };
		20D2FA212887F70D000D23E9 /* ConversationVC.swift in Sources */ = {isa = PBXBuildFile; fileRef = 20D2FA202887F70D000D23E9 /* ConversationVC.swift */; };
		20D2FA242887F70D000D23E9 /* Main.storyboard in Resources */ = {isa = PBXBuildFile; fileRef = 20D2FA222887F70D000D23E9 /* Main.storyboard */; };
		20D2FA262887F70F000D23E9 /* Assets.xcassets in Resources */ = {isa = PBXBuildFile; fileRef = 20D2FA252887F70F000D23E9 /* Assets.xcassets */; };
		20D2FA292887F70F000D23E9 /* LaunchScreen.storyboard in Resources */ = {isa = PBXBuildFile; fileRef = 20D2FA272887F70F000D23E9 /* LaunchScreen.storyboard */; };
		20D2FA362887FBF0000D23E9 /* ProfileVC.swift in Sources */ = {isa = PBXBuildFile; fileRef = 20D2FA352887FBF0000D23E9 /* ProfileVC.swift */; };
		20D2FA382887FC08000D23E9 /* LoginVC.swift in Sources */ = {isa = PBXBuildFile; fileRef = 20D2FA372887FC08000D23E9 /* LoginVC.swift */; };
		20D2FA3A2887FC1D000D23E9 /* RegistrationVC.swift in Sources */ = {isa = PBXBuildFile; fileRef = 20D2FA392887FC1D000D23E9 /* RegistrationVC.swift */; };
		20D2FA3C2887FC34000D23E9 /* NewConversationVC.swift in Sources */ = {isa = PBXBuildFile; fileRef = 20D2FA3B2887FC34000D23E9 /* NewConversationVC.swift */; };
		20D2FA3E2887FC4E000D23E9 /* PhotoViewerVC.swift in Sources */ = {isa = PBXBuildFile; fileRef = 20D2FA3D2887FC4E000D23E9 /* PhotoViewerVC.swift */; };
		20D2FA402887FC65000D23E9 /* VideoPlayerVC.swift in Sources */ = {isa = PBXBuildFile; fileRef = 20D2FA3F2887FC65000D23E9 /* VideoPlayerVC.swift */; };
		20D2FA4428880053000D23E9 /* MessengerDefaults.swift in Sources */ = {isa = PBXBuildFile; fileRef = 20D2FA4328880053000D23E9 /* MessengerDefaults.swift */; };
		20D2FA46288806A6000D23E9 /* Extensions.swift in Sources */ = {isa = PBXBuildFile; fileRef = 20D2FA45288806A6000D23E9 /* Extensions.swift */; };
		20D416642888FD0A00BAE8A8 /* GoogleService-Info.plist in Resources */ = {isa = PBXBuildFile; fileRef = 20D416632888FD0A00BAE8A8 /* GoogleService-Info.plist */; };
		20D416672888FEA000BAE8A8 /* AuthVM.swift in Sources */ = {isa = PBXBuildFile; fileRef = 20D416662888FEA000BAE8A8 /* AuthVM.swift */; };
		20D416692888FFEA00BAE8A8 /* AuthRepo.swift in Sources */ = {isa = PBXBuildFile; fileRef = 20D416682888FFEA00BAE8A8 /* AuthRepo.swift */; };
		20D4166B2888FFFB00BAE8A8 /* AuthRepoImp.swift in Sources */ = {isa = PBXBuildFile; fileRef = 20D4166A2888FFFB00BAE8A8 /* AuthRepoImp.swift */; };
		20D416712889024400BAE8A8 /* AuthManager.swift in Sources */ = {isa = PBXBuildFile; fileRef = 20D416702889024400BAE8A8 /* AuthManager.swift */; };
		20D416732889192100BAE8A8 /* DatabaseManager.swift in Sources */ = {isa = PBXBuildFile; fileRef = 20D416722889192100BAE8A8 /* DatabaseManager.swift */; };
		20D41675288919A100BAE8A8 /* Constants.swift in Sources */ = {isa = PBXBuildFile; fileRef = 20D41674288919A100BAE8A8 /* Constants.swift */; };
		20D4167728891A3700BAE8A8 /* UserModel.swift in Sources */ = {isa = PBXBuildFile; fileRef = 20D4167628891A3700BAE8A8 /* UserModel.swift */; };
		F3FDEA71F018F4D61AE3EF51 /* Pods_Messenger.framework in Frameworks */ = {isa = PBXBuildFile; fileRef = 4D8704266A41DA8A6AC7B35E /* Pods_Messenger.framework */; };
/* End PBXBuildFile section */

/* Begin PBXFileReference section */
		20D2FA192887F70D000D23E9 /* Messenger.app */ = {isa = PBXFileReference; explicitFileType = wrapper.application; includeInIndex = 0; path = Messenger.app; sourceTree = BUILT_PRODUCTS_DIR; };
		20D2FA1C2887F70D000D23E9 /* AppDelegate.swift */ = {isa = PBXFileReference; lastKnownFileType = sourcecode.swift; path = AppDelegate.swift; sourceTree = "<group>"; };
		20D2FA1E2887F70D000D23E9 /* SceneDelegate.swift */ = {isa = PBXFileReference; lastKnownFileType = sourcecode.swift; path = SceneDelegate.swift; sourceTree = "<group>"; };
		20D2FA202887F70D000D23E9 /* ConversationVC.swift */ = {isa = PBXFileReference; lastKnownFileType = sourcecode.swift; path = ConversationVC.swift; sourceTree = "<group>"; };
		20D2FA232887F70D000D23E9 /* Base */ = {isa = PBXFileReference; lastKnownFileType = file.storyboard; name = Base; path = Base.lproj/Main.storyboard; sourceTree = "<group>"; };
		20D2FA252887F70F000D23E9 /* Assets.xcassets */ = {isa = PBXFileReference; lastKnownFileType = folder.assetcatalog; path = Assets.xcassets; sourceTree = "<group>"; };
		20D2FA282887F70F000D23E9 /* Base */ = {isa = PBXFileReference; lastKnownFileType = file.storyboard; name = Base; path = Base.lproj/LaunchScreen.storyboard; sourceTree = "<group>"; };
		20D2FA2A2887F70F000D23E9 /* Info.plist */ = {isa = PBXFileReference; lastKnownFileType = text.plist.xml; path = Info.plist; sourceTree = "<group>"; };
		20D2FA352887FBF0000D23E9 /* ProfileVC.swift */ = {isa = PBXFileReference; lastKnownFileType = sourcecode.swift; path = ProfileVC.swift; sourceTree = "<group>"; };
		20D2FA372887FC08000D23E9 /* LoginVC.swift */ = {isa = PBXFileReference; lastKnownFileType = sourcecode.swift; path = LoginVC.swift; sourceTree = "<group>"; };
		20D2FA392887FC1D000D23E9 /* RegistrationVC.swift */ = {isa = PBXFileReference; lastKnownFileType = sourcecode.swift; path = RegistrationVC.swift; sourceTree = "<group>"; };
		20D2FA3B2887FC34000D23E9 /* NewConversationVC.swift */ = {isa = PBXFileReference; lastKnownFileType = sourcecode.swift; path = NewConversationVC.swift; sourceTree = "<group>"; };
		20D2FA3D2887FC4E000D23E9 /* PhotoViewerVC.swift */ = {isa = PBXFileReference; lastKnownFileType = sourcecode.swift; path = PhotoViewerVC.swift; sourceTree = "<group>"; };
		20D2FA3F2887FC65000D23E9 /* VideoPlayerVC.swift */ = {isa = PBXFileReference; lastKnownFileType = sourcecode.swift; path = VideoPlayerVC.swift; sourceTree = "<group>"; };
		20D2FA4328880053000D23E9 /* MessengerDefaults.swift */ = {isa = PBXFileReference; lastKnownFileType = sourcecode.swift; path = MessengerDefaults.swift; sourceTree = "<group>"; };
		20D2FA45288806A6000D23E9 /* Extensions.swift */ = {isa = PBXFileReference; lastKnownFileType = sourcecode.swift; path = Extensions.swift; sourceTree = "<group>"; };
		20D416632888FD0A00BAE8A8 /* GoogleService-Info.plist */ = {isa = PBXFileReference; fileEncoding = 4; lastKnownFileType = text.plist.xml; path = "GoogleService-Info.plist"; sourceTree = "<group>"; };
		20D416662888FEA000BAE8A8 /* AuthVM.swift */ = {isa = PBXFileReference; lastKnownFileType = sourcecode.swift; path = AuthVM.swift; sourceTree = "<group>"; };
		20D416682888FFEA00BAE8A8 /* AuthRepo.swift */ = {isa = PBXFileReference; lastKnownFileType = sourcecode.swift; path = AuthRepo.swift; sourceTree = "<group>"; };
		20D4166A2888FFFB00BAE8A8 /* AuthRepoImp.swift */ = {isa = PBXFileReference; lastKnownFileType = sourcecode.swift; path = AuthRepoImp.swift; sourceTree = "<group>"; };
		20D416702889024400BAE8A8 /* AuthManager.swift */ = {isa = PBXFileReference; lastKnownFileType = sourcecode.swift; path = AuthManager.swift; sourceTree = "<group>"; };
		20D416722889192100BAE8A8 /* DatabaseManager.swift */ = {isa = PBXFileReference; lastKnownFileType = sourcecode.swift; path = DatabaseManager.swift; sourceTree = "<group>"; };
		20D41674288919A100BAE8A8 /* Constants.swift */ = {isa = PBXFileReference; lastKnownFileType = sourcecode.swift; path = Constants.swift; sourceTree = "<group>"; };
		20D4167628891A3700BAE8A8 /* UserModel.swift */ = {isa = PBXFileReference; lastKnownFileType = sourcecode.swift; path = UserModel.swift; sourceTree = "<group>"; };
		4D8704266A41DA8A6AC7B35E /* Pods_Messenger.framework */ = {isa = PBXFileReference; explicitFileType = wrapper.framework; includeInIndex = 0; path = Pods_Messenger.framework; sourceTree = BUILT_PRODUCTS_DIR; };
		838BCFDB61327C14607710D9 /* Pods-Messenger.release.xcconfig */ = {isa = PBXFileReference; includeInIndex = 1; lastKnownFileType = text.xcconfig; name = "Pods-Messenger.release.xcconfig"; path = "Target Support Files/Pods-Messenger/Pods-Messenger.release.xcconfig"; sourceTree = "<group>"; };
		FF21EA4469FE2A431BCF77C6 /* Pods-Messenger.debug.xcconfig */ = {isa = PBXFileReference; includeInIndex = 1; lastKnownFileType = text.xcconfig; name = "Pods-Messenger.debug.xcconfig"; path = "Target Support Files/Pods-Messenger/Pods-Messenger.debug.xcconfig"; sourceTree = "<group>"; };
/* End PBXFileReference section */

/* Begin PBXFrameworksBuildPhase section */
		20D2FA162887F70D000D23E9 /* Frameworks */ = {
			isa = PBXFrameworksBuildPhase;
			buildActionMask = 2147483647;
			files = (
				F3FDEA71F018F4D61AE3EF51 /* Pods_Messenger.framework in Frameworks */,
			);
			runOnlyForDeploymentPostprocessing = 0;
		};
/* End PBXFrameworksBuildPhase section */

/* Begin PBXGroup section */
		20D2FA102887F70D000D23E9 = {
			isa = PBXGroup;
			children = (
				20D2FA1B2887F70D000D23E9 /* Messenger */,
				20D2FA1A2887F70D000D23E9 /* Products */,
				2B98B10BE0F43D74F1860FB4 /* Pods */,
				B018302B8C31FA71A979082A /* Frameworks */,
			);
			sourceTree = "<group>";
		};
		20D2FA1A2887F70D000D23E9 /* Products */ = {
			isa = PBXGroup;
			children = (
				20D2FA192887F70D000D23E9 /* Messenger.app */,
			);
			name = Products;
			sourceTree = "<group>";
		};
		20D2FA1B2887F70D000D23E9 /* Messenger */ = {
			isa = PBXGroup;
			children = (
				20D4166F2889021E00BAE8A8 /* Firebase */,
				20D416632888FD0A00BAE8A8 /* GoogleService-Info.plist */,
				20D2FA422888003E000D23E9 /* Helper */,
				20D2FA4128880024000D23E9 /* Constants */,
				20D2FA342887F8A6000D23E9 /* Controllers */,
				20D2FA332887F89D000D23E9 /* Views */,
				20D2FA322887F895000D23E9 /* Models */,
				20D2FA312887F88B000D23E9 /* ViewModels */,
				20D2FA302887F875000D23E9 /* Resources */,
				20D2FA2A2887F70F000D23E9 /* Info.plist */,
			);
			path = Messenger;
			sourceTree = "<group>";
		};
		20D2FA302887F875000D23E9 /* Resources */ = {
			isa = PBXGroup;
			children = (
				20D2FA1C2887F70D000D23E9 /* AppDelegate.swift */,
				20D2FA1E2887F70D000D23E9 /* SceneDelegate.swift */,
			);
			path = Resources;
			sourceTree = "<group>";
		};
		20D2FA312887F88B000D23E9 /* ViewModels */ = {
			isa = PBXGroup;
			children = (
				20D416652888FE8000BAE8A8 /* AuthVM */,
			);
			path = ViewModels;
			sourceTree = "<group>";
		};
		20D2FA322887F895000D23E9 /* Models */ = {
			isa = PBXGroup;
			children = (
				20D4167628891A3700BAE8A8 /* UserModel.swift */,
			);
			path = Models;
			sourceTree = "<group>";
		};
		20D2FA332887F89D000D23E9 /* Views */ = {
			isa = PBXGroup;
			children = (
				20D2FA222887F70D000D23E9 /* Main.storyboard */,
				20D2FA252887F70F000D23E9 /* Assets.xcassets */,
				20D2FA272887F70F000D23E9 /* LaunchScreen.storyboard */,
			);
			path = Views;
			sourceTree = "<group>";
		};
		20D2FA342887F8A6000D23E9 /* Controllers */ = {
			isa = PBXGroup;
			children = (
				20D2FA202887F70D000D23E9 /* ConversationVC.swift */,
				20D2FA352887FBF0000D23E9 /* ProfileVC.swift */,
				20D2FA372887FC08000D23E9 /* LoginVC.swift */,
				20D2FA392887FC1D000D23E9 /* RegistrationVC.swift */,
				20D2FA3B2887FC34000D23E9 /* NewConversationVC.swift */,
				20D2FA3D2887FC4E000D23E9 /* PhotoViewerVC.swift */,
				20D2FA3F2887FC65000D23E9 /* VideoPlayerVC.swift */,
			);
			path = Controllers;
			sourceTree = "<group>";
		};
		20D2FA4128880024000D23E9 /* Constants */ = {
			isa = PBXGroup;
			children = (
				20D41674288919A100BAE8A8 /* Constants.swift */,
			);
			path = Constants;
			sourceTree = "<group>";
		};
		20D2FA422888003E000D23E9 /* Helper */ = {
			isa = PBXGroup;
			children = (
				20D2FA4328880053000D23E9 /* MessengerDefaults.swift */,
				20D2FA45288806A6000D23E9 /* Extensions.swift */,
			);
			path = Helper;
			sourceTree = "<group>";
		};
		20D416652888FE8000BAE8A8 /* AuthVM */ = {
			isa = PBXGroup;
			children = (
				20D416662888FEA000BAE8A8 /* AuthVM.swift */,
				20D416682888FFEA00BAE8A8 /* AuthRepo.swift */,
				20D4166A2888FFFB00BAE8A8 /* AuthRepoImp.swift */,
			);
			path = AuthVM;
			sourceTree = "<group>";
		};
		20D4166F2889021E00BAE8A8 /* Firebase */ = {
			isa = PBXGroup;
			children = (
				20D416702889024400BAE8A8 /* AuthManager.swift */,
				20D416722889192100BAE8A8 /* DatabaseManager.swift */,
			);
			path = Firebase;
			sourceTree = "<group>";
		};
		2B98B10BE0F43D74F1860FB4 /* Pods */ = {
			isa = PBXGroup;
			children = (
				FF21EA4469FE2A431BCF77C6 /* Pods-Messenger.debug.xcconfig */,
				838BCFDB61327C14607710D9 /* Pods-Messenger.release.xcconfig */,
			);
			path = Pods;
			sourceTree = "<group>";
		};
		B018302B8C31FA71A979082A /* Frameworks */ = {
			isa = PBXGroup;
			children = (
				4D8704266A41DA8A6AC7B35E /* Pods_Messenger.framework */,
			);
			name = Frameworks;
			sourceTree = "<group>";
		};
/* End PBXGroup section */

/* Begin PBXNativeTarget section */
		20D2FA182887F70D000D23E9 /* Messenger */ = {
			isa = PBXNativeTarget;
			buildConfigurationList = 20D2FA2D2887F70F000D23E9 /* Build configuration list for PBXNativeTarget "Messenger" */;
			buildPhases = (
				A7B99AA18248868C1D1BA2F5 /* [CP] Check Pods Manifest.lock */,
				20D2FA152887F70D000D23E9 /* Sources */,
				20D2FA162887F70D000D23E9 /* Frameworks */,
				20D2FA172887F70D000D23E9 /* Resources */,
				F330E0740507F3C23F5E7762 /* [CP] Embed Pods Frameworks */,
			);
			buildRules = (
			);
			dependencies = (
			);
			name = Messenger;
			productName = Messenger;
			productReference = 20D2FA192887F70D000D23E9 /* Messenger.app */;
			productType = "com.apple.product-type.application";
		};
/* End PBXNativeTarget section */

/* Begin PBXProject section */
		20D2FA112887F70D000D23E9 /* Project object */ = {
			isa = PBXProject;
			attributes = {
				BuildIndependentTargetsInParallel = 1;
				LastSwiftUpdateCheck = 1330;
				LastUpgradeCheck = 1330;
				TargetAttributes = {
					20D2FA182887F70D000D23E9 = {
						CreatedOnToolsVersion = 13.3.1;
					};
				};
			};
			buildConfigurationList = 20D2FA142887F70D000D23E9 /* Build configuration list for PBXProject "Messenger" */;
			compatibilityVersion = "Xcode 13.0";
			developmentRegion = en;
			hasScannedForEncodings = 0;
			knownRegions = (
				en,
				Base,
			);
			mainGroup = 20D2FA102887F70D000D23E9;
			productRefGroup = 20D2FA1A2887F70D000D23E9 /* Products */;
			projectDirPath = "";
			projectRoot = "";
			targets = (
				20D2FA182887F70D000D23E9 /* Messenger */,
			);
		};
/* End PBXProject section */

/* Begin PBXResourcesBuildPhase section */
		20D2FA172887F70D000D23E9 /* Resources */ = {
			isa = PBXResourcesBuildPhase;
			buildActionMask = 2147483647;
			files = (
				20D2FA292887F70F000D23E9 /* LaunchScreen.storyboard in Resources */,
				20D416642888FD0A00BAE8A8 /* GoogleService-Info.plist in Resources */,
				20D2FA262887F70F000D23E9 /* Assets.xcassets in Resources */,
				20D2FA242887F70D000D23E9 /* Main.storyboard in Resources */,
			);
			runOnlyForDeploymentPostprocessing = 0;
		};
/* End PBXResourcesBuildPhase section */

/* Begin PBXShellScriptBuildPhase section */
		A7B99AA18248868C1D1BA2F5 /* [CP] Check Pods Manifest.lock */ = {
			isa = PBXShellScriptBuildPhase;
			buildActionMask = 2147483647;
			files = (
			);
			inputFileListPaths = (
			);
			inputPaths = (
				"${PODS_PODFILE_DIR_PATH}/Podfile.lock",
				"${PODS_ROOT}/Manifest.lock",
			);
			name = "[CP] Check Pods Manifest.lock";
			outputFileListPaths = (
			);
			outputPaths = (
				"$(DERIVED_FILE_DIR)/Pods-Messenger-checkManifestLockResult.txt",
			);
			runOnlyForDeploymentPostprocessing = 0;
			shellPath = /bin/sh;
			shellScript = "diff \"${PODS_PODFILE_DIR_PATH}/Podfile.lock\" \"${PODS_ROOT}/Manifest.lock\" > /dev/null\nif [ $? != 0 ] ; then\n    # print error to STDERR\n    echo \"error: The sandbox is not in sync with the Podfile.lock. Run 'pod install' or update your CocoaPods installation.\" >&2\n    exit 1\nfi\n# This output is used by Xcode 'outputs' to avoid re-running this script phase.\necho \"SUCCESS\" > \"${SCRIPT_OUTPUT_FILE_0}\"\n";
			showEnvVarsInLog = 0;
		};
		F330E0740507F3C23F5E7762 /* [CP] Embed Pods Frameworks */ = {
			isa = PBXShellScriptBuildPhase;
			buildActionMask = 2147483647;
			files = (
			);
			inputFileListPaths = (
				"${PODS_ROOT}/Target Support Files/Pods-Messenger/Pods-Messenger-frameworks-${CONFIGURATION}-input-files.xcfilelist",
			);
			name = "[CP] Embed Pods Frameworks";
			outputFileListPaths = (
				"${PODS_ROOT}/Target Support Files/Pods-Messenger/Pods-Messenger-frameworks-${CONFIGURATION}-output-files.xcfilelist",
			);
			runOnlyForDeploymentPostprocessing = 0;
			shellPath = /bin/sh;
			shellScript = "\"${PODS_ROOT}/Target Support Files/Pods-Messenger/Pods-Messenger-frameworks.sh\"\n";
			showEnvVarsInLog = 0;
		};
/* End PBXShellScriptBuildPhase section */

/* Begin PBXSourcesBuildPhase section */
		20D2FA152887F70D000D23E9 /* Sources */ = {
			isa = PBXSourcesBuildPhase;
			buildActionMask = 2147483647;
			files = (
				20D416732889192100BAE8A8 /* DatabaseManager.swift in Sources */,
				20D41675288919A100BAE8A8 /* Constants.swift in Sources */,
				20D2FA362887FBF0000D23E9 /* ProfileVC.swift in Sources */,
				20D2FA4428880053000D23E9 /* MessengerDefaults.swift in Sources */,
				20D416692888FFEA00BAE8A8 /* AuthRepo.swift in Sources */,
				20D2FA3A2887FC1D000D23E9 /* RegistrationVC.swift in Sources */,
				20D416712889024400BAE8A8 /* AuthManager.swift in Sources */,
				20D2FA3C2887FC34000D23E9 /* NewConversationVC.swift in Sources */,
				20D4166B2888FFFB00BAE8A8 /* AuthRepoImp.swift in Sources */,
				20D2FA3E2887FC4E000D23E9 /* PhotoViewerVC.swift in Sources */,
				20D416672888FEA000BAE8A8 /* AuthVM.swift in Sources */,
				20D2FA212887F70D000D23E9 /* ConversationVC.swift in Sources */,
				20D2FA1D2887F70D000D23E9 /* AppDelegate.swift in Sources */,
				20D2FA1F2887F70D000D23E9 /* SceneDelegate.swift in Sources */,
				20D2FA382887FC08000D23E9 /* LoginVC.swift in Sources */,
				20D2FA46288806A6000D23E9 /* Extensions.swift in Sources */,
				20D4167728891A3700BAE8A8 /* UserModel.swift in Sources */,
				20D2FA402887FC65000D23E9 /* VideoPlayerVC.swift in Sources */,
			);
			runOnlyForDeploymentPostprocessing = 0;
		};
/* End PBXSourcesBuildPhase section */

/* Begin PBXVariantGroup section */
		20D2FA222887F70D000D23E9 /* Main.storyboard */ = {
			isa = PBXVariantGroup;
			children = (
				20D2FA232887F70D000D23E9 /* Base */,
			);
			name = Main.storyboard;
			sourceTree = "<group>";
		};
		20D2FA272887F70F000D23E9 /* LaunchScreen.storyboard */ = {
			isa = PBXVariantGroup;
			children = (
				20D2FA282887F70F000D23E9 /* Base */,
			);
			name = LaunchScreen.storyboard;
			sourceTree = "<group>";
		};
/* End PBXVariantGroup section */

/* Begin XCBuildConfiguration section */
		20D2FA2B2887F70F000D23E9 /* Debug */ = {
			isa = XCBuildConfiguration;
			buildSettings = {
				ALWAYS_SEARCH_USER_PATHS = NO;
				CLANG_ANALYZER_NONNULL = YES;
				CLANG_ANALYZER_NUMBER_OBJECT_CONVERSION = YES_AGGRESSIVE;
				CLANG_CXX_LANGUAGE_STANDARD = "gnu++17";
				CLANG_ENABLE_MODULES = YES;
				CLANG_ENABLE_OBJC_ARC = YES;
				CLANG_ENABLE_OBJC_WEAK = YES;
				CLANG_WARN_BLOCK_CAPTURE_AUTORELEASING = YES;
				CLANG_WARN_BOOL_CONVERSION = YES;
				CLANG_WARN_COMMA = YES;
				CLANG_WARN_CONSTANT_CONVERSION = YES;
				CLANG_WARN_DEPRECATED_OBJC_IMPLEMENTATIONS = YES;
				CLANG_WARN_DIRECT_OBJC_ISA_USAGE = YES_ERROR;
				CLANG_WARN_DOCUMENTATION_COMMENTS = YES;
				CLANG_WARN_EMPTY_BODY = YES;
				CLANG_WARN_ENUM_CONVERSION = YES;
				CLANG_WARN_INFINITE_RECURSION = YES;
				CLANG_WARN_INT_CONVERSION = YES;
				CLANG_WARN_NON_LITERAL_NULL_CONVERSION = YES;
				CLANG_WARN_OBJC_IMPLICIT_RETAIN_SELF = YES;
				CLANG_WARN_OBJC_LITERAL_CONVERSION = YES;
				CLANG_WARN_OBJC_ROOT_CLASS = YES_ERROR;
				CLANG_WARN_QUOTED_INCLUDE_IN_FRAMEWORK_HEADER = YES;
				CLANG_WARN_RANGE_LOOP_ANALYSIS = YES;
				CLANG_WARN_STRICT_PROTOTYPES = YES;
				CLANG_WARN_SUSPICIOUS_MOVE = YES;
				CLANG_WARN_UNGUARDED_AVAILABILITY = YES_AGGRESSIVE;
				CLANG_WARN_UNREACHABLE_CODE = YES;
				CLANG_WARN__DUPLICATE_METHOD_MATCH = YES;
				COPY_PHASE_STRIP = NO;
				DEBUG_INFORMATION_FORMAT = dwarf;
				ENABLE_STRICT_OBJC_MSGSEND = YES;
				ENABLE_TESTABILITY = YES;
				GCC_C_LANGUAGE_STANDARD = gnu11;
				GCC_DYNAMIC_NO_PIC = NO;
				GCC_NO_COMMON_BLOCKS = YES;
				GCC_OPTIMIZATION_LEVEL = 0;
				GCC_PREPROCESSOR_DEFINITIONS = (
					"DEBUG=1",
					"$(inherited)",
				);
				GCC_WARN_64_TO_32_BIT_CONVERSION = YES;
				GCC_WARN_ABOUT_RETURN_TYPE = YES_ERROR;
				GCC_WARN_UNDECLARED_SELECTOR = YES;
				GCC_WARN_UNINITIALIZED_AUTOS = YES_AGGRESSIVE;
				GCC_WARN_UNUSED_FUNCTION = YES;
				GCC_WARN_UNUSED_VARIABLE = YES;
				IPHONEOS_DEPLOYMENT_TARGET = 15.4;
				MTL_ENABLE_DEBUG_INFO = INCLUDE_SOURCE;
				MTL_FAST_MATH = YES;
				ONLY_ACTIVE_ARCH = YES;
				SDKROOT = iphoneos;
				SWIFT_ACTIVE_COMPILATION_CONDITIONS = DEBUG;
				SWIFT_OPTIMIZATION_LEVEL = "-Onone";
			};
			name = Debug;
		};
		20D2FA2C2887F70F000D23E9 /* Release */ = {
			isa = XCBuildConfiguration;
			buildSettings = {
				ALWAYS_SEARCH_USER_PATHS = NO;
				CLANG_ANALYZER_NONNULL = YES;
				CLANG_ANALYZER_NUMBER_OBJECT_CONVERSION = YES_AGGRESSIVE;
				CLANG_CXX_LANGUAGE_STANDARD = "gnu++17";
				CLANG_ENABLE_MODULES = YES;
				CLANG_ENABLE_OBJC_ARC = YES;
				CLANG_ENABLE_OBJC_WEAK = YES;
				CLANG_WARN_BLOCK_CAPTURE_AUTORELEASING = YES;
				CLANG_WARN_BOOL_CONVERSION = YES;
				CLANG_WARN_COMMA = YES;
				CLANG_WARN_CONSTANT_CONVERSION = YES;
				CLANG_WARN_DEPRECATED_OBJC_IMPLEMENTATIONS = YES;
				CLANG_WARN_DIRECT_OBJC_ISA_USAGE = YES_ERROR;
				CLANG_WARN_DOCUMENTATION_COMMENTS = YES;
				CLANG_WARN_EMPTY_BODY = YES;
				CLANG_WARN_ENUM_CONVERSION = YES;
				CLANG_WARN_INFINITE_RECURSION = YES;
				CLANG_WARN_INT_CONVERSION = YES;
				CLANG_WARN_NON_LITERAL_NULL_CONVERSION = YES;
				CLANG_WARN_OBJC_IMPLICIT_RETAIN_SELF = YES;
				CLANG_WARN_OBJC_LITERAL_CONVERSION = YES;
				CLANG_WARN_OBJC_ROOT_CLASS = YES_ERROR;
				CLANG_WARN_QUOTED_INCLUDE_IN_FRAMEWORK_HEADER = YES;
				CLANG_WARN_RANGE_LOOP_ANALYSIS = YES;
				CLANG_WARN_STRICT_PROTOTYPES = YES;
				CLANG_WARN_SUSPICIOUS_MOVE = YES;
				CLANG_WARN_UNGUARDED_AVAILABILITY = YES_AGGRESSIVE;
				CLANG_WARN_UNREACHABLE_CODE = YES;
				CLANG_WARN__DUPLICATE_METHOD_MATCH = YES;
				COPY_PHASE_STRIP = NO;
				DEBUG_INFORMATION_FORMAT = "dwarf-with-dsym";
				ENABLE_NS_ASSERTIONS = NO;
				ENABLE_STRICT_OBJC_MSGSEND = YES;
				GCC_C_LANGUAGE_STANDARD = gnu11;
				GCC_NO_COMMON_BLOCKS = YES;
				GCC_WARN_64_TO_32_BIT_CONVERSION = YES;
				GCC_WARN_ABOUT_RETURN_TYPE = YES_ERROR;
				GCC_WARN_UNDECLARED_SELECTOR = YES;
				GCC_WARN_UNINITIALIZED_AUTOS = YES_AGGRESSIVE;
				GCC_WARN_UNUSED_FUNCTION = YES;
				GCC_WARN_UNUSED_VARIABLE = YES;
				IPHONEOS_DEPLOYMENT_TARGET = 15.4;
				MTL_ENABLE_DEBUG_INFO = NO;
				MTL_FAST_MATH = YES;
				SDKROOT = iphoneos;
				SWIFT_COMPILATION_MODE = wholemodule;
				SWIFT_OPTIMIZATION_LEVEL = "-O";
				VALIDATE_PRODUCT = YES;
			};
			name = Release;
		};
		20D2FA2E2887F70F000D23E9 /* Debug */ = {
			isa = XCBuildConfiguration;
			baseConfigurationReference = FF21EA4469FE2A431BCF77C6 /* Pods-Messenger.debug.xcconfig */;
			buildSettings = {
				ASSETCATALOG_COMPILER_APPICON_NAME = AppIcon;
				ASSETCATALOG_COMPILER_GLOBAL_ACCENT_COLOR_NAME = AccentColor;
				CODE_SIGN_STYLE = Automatic;
				CURRENT_PROJECT_VERSION = 1;
				GENERATE_INFOPLIST_FILE = YES;
				INFOPLIST_FILE = Messenger/Info.plist;
				INFOPLIST_KEY_UIApplicationSupportsIndirectInputEvents = YES;
				INFOPLIST_KEY_UILaunchStoryboardName = LaunchScreen;
				INFOPLIST_KEY_UIMainStoryboardFile = Main;
				INFOPLIST_KEY_UISupportedInterfaceOrientations = UIInterfaceOrientationPortrait;
				INFOPLIST_KEY_UISupportedInterfaceOrientations_iPad = "UIInterfaceOrientationPortrait UIInterfaceOrientationPortraitUpsideDown";
				INFOPLIST_KEY_UISupportedInterfaceOrientations_iPhone = "UIInterfaceOrientationPortrait UIInterfaceOrientationLandscapeLeft UIInterfaceOrientationLandscapeRight";
				LD_RUNPATH_SEARCH_PATHS = (
					"$(inherited)",
					"@executable_path/Frameworks",
				);
				MARKETING_VERSION = 1.0;
				PRODUCT_BUNDLE_IDENTIFIER = cse.mobarak.Messenger;
				PRODUCT_NAME = "$(TARGET_NAME)";
				SWIFT_EMIT_LOC_STRINGS = YES;
				SWIFT_VERSION = 5.0;
				TARGETED_DEVICE_FAMILY = "1,2";
			};
			name = Debug;
		};
		20D2FA2F2887F70F000D23E9 /* Release */ = {
			isa = XCBuildConfiguration;
			baseConfigurationReference = 838BCFDB61327C14607710D9 /* Pods-Messenger.release.xcconfig */;
			buildSettings = {
				ASSETCATALOG_COMPILER_APPICON_NAME = AppIcon;
				ASSETCATALOG_COMPILER_GLOBAL_ACCENT_COLOR_NAME = AccentColor;
				CODE_SIGN_STYLE = Automatic;
				CURRENT_PROJECT_VERSION = 1;
				GENERATE_INFOPLIST_FILE = YES;
				INFOPLIST_FILE = Messenger/Info.plist;
				INFOPLIST_KEY_UIApplicationSupportsIndirectInputEvents = YES;
				INFOPLIST_KEY_UILaunchStoryboardName = LaunchScreen;
				INFOPLIST_KEY_UIMainStoryboardFile = Main;
				INFOPLIST_KEY_UISupportedInterfaceOrientations = UIInterfaceOrientationPortrait;
				INFOPLIST_KEY_UISupportedInterfaceOrientations_iPad = "UIInterfaceOrientationPortrait UIInterfaceOrientationPortraitUpsideDown";
				INFOPLIST_KEY_UISupportedInterfaceOrientations_iPhone = "UIInterfaceOrientationPortrait UIInterfaceOrientationLandscapeLeft UIInterfaceOrientationLandscapeRight";
				LD_RUNPATH_SEARCH_PATHS = (
					"$(inherited)",
					"@executable_path/Frameworks",
				);
				MARKETING_VERSION = 1.0;
				PRODUCT_BUNDLE_IDENTIFIER = cse.mobarak.Messenger;
				PRODUCT_NAME = "$(TARGET_NAME)";
				SWIFT_EMIT_LOC_STRINGS = YES;
				SWIFT_VERSION = 5.0;
				TARGETED_DEVICE_FAMILY = "1,2";
			};
			name = Release;
		};
/* End XCBuildConfiguration section */

/* Begin XCConfigurationList section */
		20D2FA142887F70D000D23E9 /* Build configuration list for PBXProject "Messenger" */ = {
			isa = XCConfigurationList;
			buildConfigurations = (
				20D2FA2B2887F70F000D23E9 /* Debug */,
				20D2FA2C2887F70F000D23E9 /* Release */,
			);
			defaultConfigurationIsVisible = 0;
			defaultConfigurationName = Release;
		};
		20D2FA2D2887F70F000D23E9 /* Build configuration list for PBXNativeTarget "Messenger" */ = {
			isa = XCConfigurationList;
			buildConfigurations = (
				20D2FA2E2887F70F000D23E9 /* Debug */,
				20D2FA2F2887F70F000D23E9 /* Release */,
			);
			defaultConfigurationIsVisible = 0;
			defaultConfigurationName = Release;
		};
/* End XCConfigurationList section */
	};
	rootObject = 20D2FA112887F70D000D23E9 /* Project object */;
}
